
Microsoft Visual Studio Solution File, Format Version 12.00
# Visual Studio Version 16
VisualStudioVersion = 16.0.30711.63
MinimumVisualStudioVersion = 10.0.40219.1
Project("{FAE04EC0-301F-11D3-BF4B-00C04F79EFBC}") = "CUOIKY_LTWIN", "CUOIKY_LTWIN\CUOIKY_LTWIN.csproj", "{F45D202A-47CA-4FAD-8B19-BD31C465994A}"
EndProject
Project("{FAE04EC0-301F-11D3-BF4B-00C04F79EFBC}") = "BusinessLogicLayer", "BusinessLogicLayer\BusinessLogicLayer.csproj", "{6DF6F1CB-497B-4A29-A510-38B45415C899}"
EndProject
Project("{FAE04EC0-301F-11D3-BF4B-00C04F79EFBC}") = "DataAccessLayer", "DataAccessLayer\DataAccessLayer.csproj", "{4FFD1966-EFA7-4505-A363-99A28CFCF3BC}"
EndProject
Global
	GlobalSection(SolutionConfigurationPlatforms) = preSolution
		Debug|Any CPU = Debug|Any CPU
		Release|Any CPU = Release|Any CPU
	EndGlobalSection
	GlobalSection(ProjectConfigurationPlatforms) = postSolution
		{F45D202A-47CA-4FAD-8B19-BD31C465994A}.Debug|Any CPU.ActiveCfg = Debug|Any CPU
		{F45D202A-47CA-4FAD-8B19-BD31C465994A}.Debug|Any CPU.Build.0 = Debug|Any CPU
		{F45D202A-47CA-4FAD-8B19-BD31C465994A}.Release|Any CPU.ActiveCfg = Release|Any CPU
		{F45D202A-47CA-4FAD-8B19-BD31C465994A}.Release|Any CPU.Build.0 = Release|Any CPU
		{6DF6F1CB-497B-4A29-A510-38B45415C899}.Debug|Any CPU.ActiveCfg = Debug|Any CPU
		{6DF6F1CB-497B-4A29-A510-38B45415C899}.Debug|Any CPU.Build.0 = Debug|Any CPU
		{6DF6F1CB-497B-4A29-A510-38B45415C899}.Release|Any CPU.ActiveCfg = Release|Any CPU
		{6DF6F1CB-497B-4A29-A510-38B45415C899}.Release|Any CPU.Build.0 = Release|Any CPU
		{4FFD1966-EFA7-4505-A363-99A28CFCF3BC}.Debug|Any CPU.ActiveCfg = Debug|Any CPU
		{4FFD1966-EFA7-4505-A363-99A28CFCF3BC}.Debug|Any CPU.Build.0 = Debug|Any CPU
		{4FFD1966-EFA7-4505-A363-99A28CFCF3BC}.Release|Any CPU.ActiveCfg = Release|Any CPU
		{4FFD1966-EFA7-4505-A363-99A28CFCF3BC}.Release|Any CPU.Build.0 = Release|Any CPU
	EndGlobalSection
	GlobalSection(SolutionProperties) = preSolution
		HideSolutionNode = FALSE
	EndGlobalSection
	GlobalSection(ExtensibilityGlobals) = postSolution
		SolutionGuid = {FB47BABD-A76D-40C9-979D-8A44BC6D8C6E}
	EndGlobalSection
EndGlobal
